{
  "lockfile_version": "1",
  "packages": {
    "clang-tools@latest": {
      "last_modified": "2024-07-31T08:48:38Z",
      "resolved": "github:NixOS/nixpkgs/c3392ad349a5227f4a3464dce87bcc5046692fce#clang-tools",
      "source": "devbox-search",
      "version": "18.1.8",
      "systems": {
        "aarch64-linux": {
          "outputs": [
            {
              "name": "out",
              "path": "/nix/store/hmbgra9py3c816clii9izrfp0axp7gfz-clang-tools-18.1.8",
              "default": true
            }
          ],
          "store_path": "/nix/store/hmbgra9py3c816clii9izrfp0axp7gfz-clang-tools-18.1.8"
        },
        "x86_64-linux": {
          "outputs": [
            {
              "name": "out",
              "path": "/nix/store/dirlhnwjw4l3md7yida6ah3gb845zf12-clang-tools-18.1.8",
              "default": true
            }
          ],
          "store_path": "/nix/store/dirlhnwjw4l3md7yida6ah3gb845zf12-clang-tools-18.1.8"
        }
      }
    },
    "clang@latest": {
      "last_modified": "2024-07-31T08:48:38Z",
      "resolved": "github:NixOS/nixpkgs/c3392ad349a5227f4a3464dce87bcc5046692fce#clang",
      "source": "devbox-search",
      "version": "18.1.8",
      "systems": {
        "aarch64-linux": {
          "outputs": [
            {
              "name": "out",
              "path": "/nix/store/hjpvshyqbrvk6wy74xj8skrkai29idzz-clang-wrapper-18.1.8",
              "default": true
            }
          ],
          "store_path": "/nix/store/hjpvshyqbrvk6wy74xj8skrkai29idzz-clang-wrapper-18.1.8"
        },
        "x86_64-linux": {
          "outputs": [
            {
              "name": "out",
              "path": "/nix/store/v39mysip3yjpvddmsyj6pfvdhwgmak4m-clang-wrapper-18.1.8",
              "default": true
            }
          ],
          "store_path": "/nix/store/v39mysip3yjpvddmsyj6pfvdhwgmak4m-clang-wrapper-18.1.8"
        }
      }
    },
    "gcc@14": {
      "last_modified": "2024-07-07T07:43:47Z",
      "resolved": "github:NixOS/nixpkgs/b60793b86201040d9dee019a05089a9150d08b5b#gcc14",
      "source": "devbox-search",
      "version": "14.1.0",
      "systems": {
        "aarch64-darwin": {
          "outputs": [
            {
              "name": "out",
              "path": "/nix/store/splv4zmbxm4k9walh37xcd8sf8vnk4sc-gcc-wrapper-14.1.0",
              "default": true
            },
            {
              "name": "man",
              "path": "/nix/store/z4r2vgmci2pbzxqm9ydrqwhyspwc1a01-gcc-wrapper-14.1.0-man",
              "default": true
            },
            {
              "name": "info",
              "path": "/nix/store/x1ahjhvpijid256r64i69d4bj4jw9g2i-gcc-wrapper-14.1.0-info"
            }
          ],
          "store_path": "/nix/store/splv4zmbxm4k9walh37xcd8sf8vnk4sc-gcc-wrapper-14.1.0"
        },
        "aarch64-linux": {
          "outputs": [
            {
              "name": "out",
              "path": "/nix/store/56d0xpw0wwphkqcps2kihqpcq9w9qnyn-gcc-wrapper-14.1.0",
              "default": true
            },
            {
              "name": "man",
              "path": "/nix/store/6hi8fmj16kpwsm4155jhp28yw4ly4mi1-gcc-wrapper-14.1.0-man",
              "default": true
            },
            {
              "name": "info",
              "path": "/nix/store/cxkc9qx9l93kwmq68izj9jkl2q33bbgy-gcc-wrapper-14.1.0-info"
            }
          ],
          "store_path": "/nix/store/56d0xpw0wwphkqcps2kihqpcq9w9qnyn-gcc-wrapper-14.1.0"
        },
        "x86_64-darwin": {
          "outputs": [
            {
              "name": "out",
              "path": "/nix/store/ld8drn1m99kciz0q36fpx8wxd42wpb13-gcc-wrapper-14.1.0",
              "default": true
            },
            {
              "name": "man",
              "path": "/nix/store/yxa07dqjhdwlg1mwam381j4k2xkklnzi-gcc-wrapper-14.1.0-man",
              "default": true
            },
            {
              "name": "info",
              "path": "/nix/store/34xhr034grpv4034wiqk8998n4942k9s-gcc-wrapper-14.1.0-info"
            }
          ],
          "store_path": "/nix/store/ld8drn1m99kciz0q36fpx8wxd42wpb13-gcc-wrapper-14.1.0"
        },
        "x86_64-linux": {
          "outputs": [
            {
              "name": "out",
              "path": "/nix/store/lrkj75p94j7yvpd9hiiy6mw0w9hi6bhg-gcc-wrapper-14.1.0",
              "default": true
            },
            {
              "name": "man",
              "path": "/nix/store/67f2b1hybi7abmpyz8jracl5vijvmapc-gcc-wrapper-14.1.0-man",
              "default": true
            },
            {
              "name": "info",
              "path": "/nix/store/p2lb53a0jrmh8ssz7bgihhqlcvfismfy-gcc-wrapper-14.1.0-info"
            }
          ],
          "store_path": "/nix/store/lrkj75p94j7yvpd9hiiy6mw0w9hi6bhg-gcc-wrapper-14.1.0"
        }
      }
    },
    "python3": {
      "plugin_version": "0.0.3",
      "resolved": "github:NixOS/nixpkgs/75a52265bda7fd25e06e3a67dee3f0354e73243c#python3",
      "source": "nixpkg",
      "systems": {
        "x86_64-linux": {
          "outputs": [
            {
              "path": "/nix/store/ffll6glz3gwx342z0ch8wx30p5cnqz1z-python3-3.11.5",
              "default": true
            }
          ]
        }
      }
    }
  }
}
